
Microsoft Visual Studio Solution File, Format Version 12.00
# Visual Studio Version 17
VisualStudioVersion = 17.5.002.0
MinimumVisualStudioVersion = 10.0.40219.1
Project("{2150E333-8FDC-42A3-9474-1A3956D46DE8}") = "csharp-prep", "csharp-prep", "{EA8ABA97-DD6E-43E9-AFBB-E9B15FC59D11}"
EndProject
Project("{9A19103F-16F7-4668-BE54-9A1E7A4F7556}") = "Prep1", "csharp-prep\Prep1\Prep1.csproj", "{AAA7D1D5-B7DD-4EB6-BFAC-BA298FEF2C77}"
EndProject
Project("{9A19103F-16F7-4668-BE54-9A1E7A4F7556}") = "Prep2", "csharp-prep\Prep2\Prep2.csproj", "{E812C696-F11C-48B1-8583-D7BD7AA369DB}"
EndProject
Project("{9A19103F-16F7-4668-BE54-9A1E7A4F7556}") = "Prep3", "csharp-prep\Prep3\Prep3.csproj", "{34CB2A65-D8A0-43CE-97CD-AC20F4D541AC}"
EndProject
Project("{9A19103F-16F7-4668-BE54-9A1E7A4F7556}") = "Prep4", "csharp-prep\Prep4\Prep4.csproj", "{C83E05D2-78B9-4A35-9DDC-35EAB02D8300}"
EndProject
Project("{9A19103F-16F7-4668-BE54-9A1E7A4F7556}") = "Prep5", "csharp-prep\Prep5\Prep5.csproj", "{C29101D8-1B18-42ED-8790-1496F0C2CFCB}"
EndProject
Project("{2150E333-8FDC-42A3-9474-1A3956D46DE8}") = "final", "final", "{7478364D-297B-41D6-B52B-CEFDFF6E86FF}"
EndProject
Project("{9A19103F-16F7-4668-BE54-9A1E7A4F7556}") = "FinalProject", "final\FinalProject\FinalProject.csproj", "{78E093A4-6440-4687-82E3-7AB3C64A6F6D}"
EndProject
Project("{9A19103F-16F7-4668-BE54-9A1E7A4F7556}") = "Foundation1", "final\Foundation1\Foundation1.csproj", "{F86EC697-F2A0-4AB8-A355-31E04F17488F}"
EndProject
Project("{9A19103F-16F7-4668-BE54-9A1E7A4F7556}") = "Foundation2", "final\Foundation2\Foundation2.csproj", "{3DA19E35-383F-4229-A23C-DF4201202A8E}"
EndProject
Project("{9A19103F-16F7-4668-BE54-9A1E7A4F7556}") = "Foundation3", "final\Foundation3\Foundation3.csproj", "{DE86D1A6-A02B-4FB4-84A2-111FA5CF999B}"
EndProject
Project("{9A19103F-16F7-4668-BE54-9A1E7A4F7556}") = "Foundation4", "final\Foundation4\Foundation4.csproj", "{3E8BEB33-7771-4B5A-8E29-C0DD03C71A75}"
EndProject
Project("{2150E333-8FDC-42A3-9474-1A3956D46DE8}") = "prepare", "prepare", "{04ED8584-38A3-4CEB-B4BB-50029B23B49B}"
EndProject
Project("{9A19103F-16F7-4668-BE54-9A1E7A4F7556}") = "Learning02", "prepare\Learning02\Learning02.csproj", "{D3C759CF-3045-48B1-9E5D-D576122221B0}"
EndProject
Project("{9A19103F-16F7-4668-BE54-9A1E7A4F7556}") = "Learning03", "prepare\Learning03\Learning03.csproj", "{26D7334E-43C6-4CC6-93E1-D93EA9CB6A80}"
EndProject
Project("{9A19103F-16F7-4668-BE54-9A1E7A4F7556}") = "Learning04", "prepare\Learning04\Learning04.csproj", "{E8F3A115-3F2C-4FD0-BA12-3B2EF54E1A6B}"
EndProject
Project("{9A19103F-16F7-4668-BE54-9A1E7A4F7556}") = "Learning05", "prepare\Learning05\Learning05.csproj", "{6E57DDD3-07E1-495D-89B7-CDE00DC8E4A9}"
EndProject
Project("{2150E333-8FDC-42A3-9474-1A3956D46DE8}") = "prove", "prove", "{372563B4-DDEE-4652-9D62-03B860B297C6}"
EndProject
Project("{9A19103F-16F7-4668-BE54-9A1E7A4F7556}") = "Develop02", "prove\Develop02\Develop02.csproj", "{F05C15AC-2CA8-4250-80F1-7FE49EF66AE5}"
EndProject
Project("{9A19103F-16F7-4668-BE54-9A1E7A4F7556}") = "Develop03", "prove\Develop03\Develop03.csproj", "{8B0A54F5-EE34-4889-94AD-FDF447510830}"
EndProject
Project("{9A19103F-16F7-4668-BE54-9A1E7A4F7556}") = "Develop04", "prove\Develop04\Develop04.csproj", "{18EB3F5C-9CF1-4229-AA79-ECEAEE0B86E4}"
EndProject
Project("{9A19103F-16F7-4668-BE54-9A1E7A4F7556}") = "Develop05", "prove\Develop05\Develop05.csproj", "{E758FF35-3D99-4DE4-BABA-6C02B8912F17}"
EndProject
Project("{2150E333-8FDC-42A3-9474-1A3956D46DE8}") = "sandbox", "sandbox", "{CB2FB94E-D2A1-42B8-9E88-67629BBBA810}"
EndProject
Project("{9A19103F-16F7-4668-BE54-9A1E7A4F7556}") = "Sandbox", "sandbox\Sandbox\Sandbox.csproj", "{0AA760CB-CA4B-4089-B65C-8FD305AF26B7}"
EndProject
Global
	GlobalSection(SolutionConfigurationPlatforms) = preSolution
		Debug|Any CPU = Debug|Any CPU
		Release|Any CPU = Release|Any CPU
	EndGlobalSection
	GlobalSection(ProjectConfigurationPlatforms) = postSolution
		{AAA7D1D5-B7DD-4EB6-BFAC-BA298FEF2C77}.Debug|Any CPU.ActiveCfg = Debug|Any CPU
		{AAA7D1D5-B7DD-4EB6-BFAC-BA298FEF2C77}.Debug|Any CPU.Build.0 = Debug|Any CPU
		{AAA7D1D5-B7DD-4EB6-BFAC-BA298FEF2C77}.Release|Any CPU.ActiveCfg = Release|Any CPU
		{AAA7D1D5-B7DD-4EB6-BFAC-BA298FEF2C77}.Release|Any CPU.Build.0 = Release|Any CPU
		{E812C696-F11C-48B1-8583-D7BD7AA369DB}.Debug|Any CPU.ActiveCfg = Debug|Any CPU
		{E812C696-F11C-48B1-8583-D7BD7AA369DB}.Debug|Any CPU.Build.0 = Debug|Any CPU
		{E812C696-F11C-48B1-8583-D7BD7AA369DB}.Release|Any CPU.ActiveCfg = Release|Any CPU
		{E812C696-F11C-48B1-8583-D7BD7AA369DB}.Release|Any CPU.Build.0 = Release|Any CPU
		{34CB2A65-D8A0-43CE-97CD-AC20F4D541AC}.Debug|Any CPU.ActiveCfg = Debug|Any CPU
		{34CB2A65-D8A0-43CE-97CD-AC20F4D541AC}.Debug|Any CPU.Build.0 = Debug|Any CPU
		{34CB2A65-D8A0-43CE-97CD-AC20F4D541AC}.Release|Any CPU.ActiveCfg = Release|Any CPU
		{34CB2A65-D8A0-43CE-97CD-AC20F4D541AC}.Release|Any CPU.Build.0 = Release|Any CPU
		{C83E05D2-78B9-4A35-9DDC-35EAB02D8300}.Debug|Any CPU.ActiveCfg = Debug|Any CPU
		{C83E05D2-78B9-4A35-9DDC-35EAB02D8300}.Debug|Any CPU.Build.0 = Debug|Any CPU
		{C83E05D2-78B9-4A35-9DDC-35EAB02D8300}.Release|Any CPU.ActiveCfg = Release|Any CPU
		{C83E05D2-78B9-4A35-9DDC-35EAB02D8300}.Release|Any CPU.Build.0 = Release|Any CPU
		{C29101D8-1B18-42ED-8790-1496F0C2CFCB}.Debug|Any CPU.ActiveCfg = Debug|Any CPU
		{C29101D8-1B18-42ED-8790-1496F0C2CFCB}.Debug|Any CPU.Build.0 = Debug|Any CPU
		{C29101D8-1B18-42ED-8790-1496F0C2CFCB}.Release|Any CPU.ActiveCfg = Release|Any CPU
		{C29101D8-1B18-42ED-8790-1496F0C2CFCB}.Release|Any CPU.Build.0 = Release|Any CPU
		{78E093A4-6440-4687-82E3-7AB3C64A6F6D}.Debug|Any CPU.ActiveCfg = Debug|Any CPU
		{78E093A4-6440-4687-82E3-7AB3C64A6F6D}.Debug|Any CPU.Build.0 = Debug|Any CPU
		{78E093A4-6440-4687-82E3-7AB3C64A6F6D}.Release|Any CPU.ActiveCfg = Release|Any CPU
		{78E093A4-6440-4687-82E3-7AB3C64A6F6D}.Release|Any CPU.Build.0 = Release|Any CPU
		{F86EC697-F2A0-4AB8-A355-31E04F17488F}.Debug|Any CPU.ActiveCfg = Debug|Any CPU
		{F86EC697-F2A0-4AB8-A355-31E04F17488F}.Debug|Any CPU.Build.0 = Debug|Any CPU
		{F86EC697-F2A0-4AB8-A355-31E04F17488F}.Release|Any CPU.ActiveCfg = Release|Any CPU
		{F86EC697-F2A0-4AB8-A355-31E04F17488F}.Release|Any CPU.Build.0 = Release|Any CPU
		{3DA19E35-383F-4229-A23C-DF4201202A8E}.Debug|Any CPU.ActiveCfg = Debug|Any CPU
		{3DA19E35-383F-4229-A23C-DF4201202A8E}.Debug|Any CPU.Build.0 = Debug|Any CPU
		{3DA19E35-383F-4229-A23C-DF4201202A8E}.Release|Any CPU.ActiveCfg = Release|Any CPU
		{3DA19E35-383F-4229-A23C-DF4201202A8E}.Release|Any CPU.Build.0 = Release|Any CPU
		{DE86D1A6-A02B-4FB4-84A2-111FA5CF999B}.Debug|Any CPU.ActiveCfg = Debug|Any CPU
		{DE86D1A6-A02B-4FB4-84A2-111FA5CF999B}.Debug|Any CPU.Build.0 = Debug|Any CPU
		{DE86D1A6-A02B-4FB4-84A2-111FA5CF999B}.Release|Any CPU.ActiveCfg = Release|Any CPU
		{DE86D1A6-A02B-4FB4-84A2-111FA5CF999B}.Release|Any CPU.Build.0 = Release|Any CPU
		{3E8BEB33-7771-4B5A-8E29-C0DD03C71A75}.Debug|Any CPU.ActiveCfg = Debug|Any CPU
		{3E8BEB33-7771-4B5A-8E29-C0DD03C71A75}.Debug|Any CPU.Build.0 = Debug|Any CPU
		{3E8BEB33-7771-4B5A-8E29-C0DD03C71A75}.Release|Any CPU.ActiveCfg = Release|Any CPU
		{3E8BEB33-7771-4B5A-8E29-C0DD03C71A75}.Release|Any CPU.Build.0 = Release|Any CPU
		{D3C759CF-3045-48B1-9E5D-D576122221B0}.Debug|Any CPU.ActiveCfg = Debug|Any CPU
		{D3C759CF-3045-48B1-9E5D-D576122221B0}.Debug|Any CPU.Build.0 = Debug|Any CPU
		{D3C759CF-3045-48B1-9E5D-D576122221B0}.Release|Any CPU.ActiveCfg = Release|Any CPU
		{D3C759CF-3045-48B1-9E5D-D576122221B0}.Release|Any CPU.Build.0 = Release|Any CPU
		{26D7334E-43C6-4CC6-93E1-D93EA9CB6A80}.Debug|Any CPU.ActiveCfg = Debug|Any CPU
		{26D7334E-43C6-4CC6-93E1-D93EA9CB6A80}.Debug|Any CPU.Build.0 = Debug|Any CPU
		{26D7334E-43C6-4CC6-93E1-D93EA9CB6A80}.Release|Any CPU.ActiveCfg = Release|Any CPU
		{26D7334E-43C6-4CC6-93E1-D93EA9CB6A80}.Release|Any CPU.Build.0 = Release|Any CPU
		{E8F3A115-3F2C-4FD0-BA12-3B2EF54E1A6B}.Debug|Any CPU.ActiveCfg = Debug|Any CPU
		{E8F3A115-3F2C-4FD0-BA12-3B2EF54E1A6B}.Debug|Any CPU.Build.0 = Debug|Any CPU
		{E8F3A115-3F2C-4FD0-BA12-3B2EF54E1A6B}.Release|Any CPU.ActiveCfg = Release|Any CPU
		{E8F3A115-3F2C-4FD0-BA12-3B2EF54E1A6B}.Release|Any CPU.Build.0 = Release|Any CPU
		{6E57DDD3-07E1-495D-89B7-CDE00DC8E4A9}.Debug|Any CPU.ActiveCfg = Debug|Any CPU
		{6E57DDD3-07E1-495D-89B7-CDE00DC8E4A9}.Debug|Any CPU.Build.0 = Debug|Any CPU
		{6E57DDD3-07E1-495D-89B7-CDE00DC8E4A9}.Release|Any CPU.ActiveCfg = Release|Any CPU
		{6E57DDD3-07E1-495D-89B7-CDE00DC8E4A9}.Release|Any CPU.Build.0 = Release|Any CPU
		{F05C15AC-2CA8-4250-80F1-7FE49EF66AE5}.Debug|Any CPU.ActiveCfg = Debug|Any CPU
		{F05C15AC-2CA8-4250-80F1-7FE49EF66AE5}.Debug|Any CPU.Build.0 = Debug|Any CPU
		{F05C15AC-2CA8-4250-80F1-7FE49EF66AE5}.Release|Any CPU.ActiveCfg = Release|Any CPU
		{F05C15AC-2CA8-4250-80F1-7FE49EF66AE5}.Release|Any CPU.Build.0 = Release|Any CPU
		{8B0A54F5-EE34-4889-94AD-FDF447510830}.Debug|Any CPU.ActiveCfg = Debug|Any CPU
		{8B0A54F5-EE34-4889-94AD-FDF447510830}.Debug|Any CPU.Build.0 = Debug|Any CPU
		{8B0A54F5-EE34-4889-94AD-FDF447510830}.Release|Any CPU.ActiveCfg = Release|Any CPU
		{8B0A54F5-EE34-4889-94AD-FDF447510830}.Release|Any CPU.Build.0 = Release|Any CPU
		{18EB3F5C-9CF1-4229-AA79-ECEAEE0B86E4}.Debug|Any CPU.ActiveCfg = Debug|Any CPU
		{18EB3F5C-9CF1-4229-AA79-ECEAEE0B86E4}.Debug|Any CPU.Build.0 = Debug|Any CPU
		{18EB3F5C-9CF1-4229-AA79-ECEAEE0B86E4}.Release|Any CPU.ActiveCfg = Release|Any CPU
		{18EB3F5C-9CF1-4229-AA79-ECEAEE0B86E4}.Release|Any CPU.Build.0 = Release|Any CPU
		{E758FF35-3D99-4DE4-BABA-6C02B8912F17}.Debug|Any CPU.ActiveCfg = Debug|Any CPU
		{E758FF35-3D99-4DE4-BABA-6C02B8912F17}.Debug|Any CPU.Build.0 = Debug|Any CPU
		{E758FF35-3D99-4DE4-BABA-6C02B8912F17}.Release|Any CPU.ActiveCfg = Release|Any CPU
		{E758FF35-3D99-4DE4-BABA-6C02B8912F17}.Release|Any CPU.Build.0 = Release|Any CPU
		{0AA760CB-CA4B-4089-B65C-8FD305AF26B7}.Debug|Any CPU.ActiveCfg = Debug|Any CPU
		{0AA760CB-CA4B-4089-B65C-8FD305AF26B7}.Debug|Any CPU.Build.0 = Debug|Any CPU
		{0AA760CB-CA4B-4089-B65C-8FD305AF26B7}.Release|Any CPU.ActiveCfg = Release|Any CPU
		{0AA760CB-CA4B-4089-B65C-8FD305AF26B7}.Release|Any CPU.Build.0 = Release|Any CPU
	EndGlobalSection
	GlobalSection(SolutionProperties) = preSolution
		HideSolutionNode = FALSE
	EndGlobalSection
	GlobalSection(NestedProjects) = preSolution
		{AAA7D1D5-B7DD-4EB6-BFAC-BA298FEF2C77} = {EA8ABA97-DD6E-43E9-AFBB-E9B15FC59D11}
		{E812C696-F11C-48B1-8583-D7BD7AA369DB} = {EA8ABA97-DD6E-43E9-AFBB-E9B15FC59D11}
		{34CB2A65-D8A0-43CE-97CD-AC20F4D541AC} = {EA8ABA97-DD6E-43E9-AFBB-E9B15FC59D11}
		{C83E05D2-78B9-4A35-9DDC-35EAB02D8300} = {EA8ABA97-DD6E-43E9-AFBB-E9B15FC59D11}
		{C29101D8-1B18-42ED-8790-1496F0C2CFCB} = {EA8ABA97-DD6E-43E9-AFBB-E9B15FC59D11}
		{78E093A4-6440-4687-82E3-7AB3C64A6F6D} = {7478364D-297B-41D6-B52B-CEFDFF6E86FF}
		{F86EC697-F2A0-4AB8-A355-31E04F17488F} = {7478364D-297B-41D6-B52B-CEFDFF6E86FF}
		{3DA19E35-383F-4229-A23C-DF4201202A8E} = {7478364D-297B-41D6-B52B-CEFDFF6E86FF}
		{DE86D1A6-A02B-4FB4-84A2-111FA5CF999B} = {7478364D-297B-41D6-B52B-CEFDFF6E86FF}
		{3E8BEB33-7771-4B5A-8E29-C0DD03C71A75} = {7478364D-297B-41D6-B52B-CEFDFF6E86FF}
		{D3C759CF-3045-48B1-9E5D-D576122221B0} = {04ED8584-38A3-4CEB-B4BB-50029B23B49B}
		{26D7334E-43C6-4CC6-93E1-D93EA9CB6A80} = {04ED8584-38A3-4CEB-B4BB-50029B23B49B}
		{E8F3A115-3F2C-4FD0-BA12-3B2EF54E1A6B} = {04ED8584-38A3-4CEB-B4BB-50029B23B49B}
		{6E57DDD3-07E1-495D-89B7-CDE00DC8E4A9} = {04ED8584-38A3-4CEB-B4BB-50029B23B49B}
		{F05C15AC-2CA8-4250-80F1-7FE49EF66AE5} = {372563B4-DDEE-4652-9D62-03B860B297C6}
		{8B0A54F5-EE34-4889-94AD-FDF447510830} = {372563B4-DDEE-4652-9D62-03B860B297C6}
		{18EB3F5C-9CF1-4229-AA79-ECEAEE0B86E4} = {372563B4-DDEE-4652-9D62-03B860B297C6}
		{E758FF35-3D99-4DE4-BABA-6C02B8912F17} = {372563B4-DDEE-4652-9D62-03B860B297C6}
		{0AA760CB-CA4B-4089-B65C-8FD305AF26B7} = {CB2FB94E-D2A1-42B8-9E88-67629BBBA810}
	EndGlobalSection
	GlobalSection(ExtensibilityGlobals) = postSolution
		SolutionGuid = {1125C1B1-89F6-4E9B-9A36-D7618C30FC80}
	EndGlobalSection
EndGlobal
